
Microsoft Visual Studio Solution File, Format Version 12.00
# Visual Studio Version 17
VisualStudioVersion = 17.13.35818.85 d17.13
MinimumVisualStudioVersion = 10.0.40219.1
Project("{FAE04EC0-301F-11D3-BF4B-00C04F79EFBC}") = "Restaurante", "Restaurante.csproj", "{44AFBA12-C1AB-4DE4-ADE6-FAA55A24AB18}"
EndProject
Global
	GlobalSection(SolutionConfigurationPlatforms) = preSolution
		Debug|Any CPU = Debug|Any CPU
		Release|Any CPU = Release|Any CPU
	EndGlobalSection
	GlobalSection(ProjectConfigurationPlatforms) = postSolution
		{44AFBA12-C1AB-4DE4-ADE6-FAA55A24AB18}.Debug|Any CPU.ActiveCfg = Debug|Any CPU
		{44AFBA12-C1AB-4DE4-ADE6-FAA55A24AB18}.Debug|Any CPU.Build.0 = Debug|Any CPU
		{44AFBA12-C1AB-4DE4-ADE6-FAA55A24AB18}.Release|Any CPU.ActiveCfg = Release|Any CPU
		{44AFBA12-C1AB-4DE4-ADE6-FAA55A24AB18}.Release|Any CPU.Build.0 = Release|Any CPU
	EndGlobalSection
	GlobalSection(SolutionProperties) = preSolution
		HideSolutionNode = FALSE
	EndGlobalSection
	GlobalSection(ExtensibilityGlobals) = postSolution
		SolutionGuid = {D6C55DD2-4170-4ACE-A9C3-2DA4DDB19D0A}
	EndGlobalSection
EndGlobal
